// !$*UTF8*$!
{
	archiveVersion = 1;
	classes = {
	};
	objectVersion = 46;
	objects = {

/* Begin PBXBuildFile section */
		4448DDB21F45AC2500A24D62 /* main.m in Sources */ = {isa = PBXBuildFile; fileRef = 4448DDB11F45AC2500A24D62 /* main.m */; };
		4448DDB51F45AC2500A24D62 /* AppDelegate.m in Sources */ = {isa = PBXBuildFile; fileRef = 4448DDB41F45AC2500A24D62 /* AppDelegate.m */; };
		4448DDB81F45AC2500A24D62 /* ViewController.m in Sources */ = {isa = PBXBuildFile; fileRef = 4448DDB71F45AC2500A24D62 /* ViewController.m */; };
		4448DDBB1F45AC2500A24D62 /* Main.storyboard in Resources */ = {isa = PBXBuildFile; fileRef = 4448DDB91F45AC2500A24D62 /* Main.storyboard */; };
		4448DDBD1F45AC2500A24D62 /* Assets.xcassets in Resources */ = {isa = PBXBuildFile; fileRef = 4448DDBC1F45AC2500A24D62 /* Assets.xcassets */; };
		4448DDC01F45AC2500A24D62 /* LaunchScreen.storyboard in Resources */ = {isa = PBXBuildFile; fileRef = 4448DDBE1F45AC2500A24D62 /* LaunchScreen.storyboard */; };
		4448DDCB1F45AC2500A24D62 /* First_BLE_AppTests.m in Sources */ = {isa = PBXBuildFile; fileRef = 4448DDCA1F45AC2500A24D62 /* First_BLE_AppTests.m */; };
		4448DDD61F45AC2500A24D62 /* First_BLE_AppUITests.m in Sources */ = {isa = PBXBuildFile; fileRef = 4448DDD51F45AC2500A24D62 /* First_BLE_AppUITests.m */; };
		4448DDE51F45AC3300A24D62 /* CoreBluetooth.framework in Frameworks */ = {isa = PBXBuildFile; fileRef = 4448DDE41F45AC3300A24D62 /* CoreBluetooth.framework */; };
		444F32151F6941CF00F3ADCB /* Bone.m in Sources */ = {isa = PBXBuildFile; fileRef = 444F32141F6941CF00F3ADCB /* Bone.m */; };
		4463F9C51F4F1A0F00B81963 /* DataModel.m in Sources */ = {isa = PBXBuildFile; fileRef = 4463F9C41F4F1A0F00B81963 /* DataModel.m */; };
		4463F9C81F4F21FC00B81963 /* Device.m in Sources */ = {isa = PBXBuildFile; fileRef = 4463F9C71F4F21FC00B81963 /* Device.m */; };
		4463F9CE1F4F4A6B00B81963 /* TableViewController.m in Sources */ = {isa = PBXBuildFile; fileRef = 4463F9CD1F4F4A6B00B81963 /* TableViewController.m */; };
		44B290211F55AAF700F995FC /* SceneKit.framework in Frameworks */ = {isa = PBXBuildFile; fileRef = 44B290201F55AAF700F995FC /* SceneKit.framework */; };
		44CE1D4F1F58129500CA79CE /* SceneKitViewController.m in Sources */ = {isa = PBXBuildFile; fileRef = 44CE1D4E1F58129500CA79CE /* SceneKitViewController.m */; };
		44CE1D921F581C8E00CA79CE /* art.scnassets in Resources */ = {isa = PBXBuildFile; fileRef = 44CE1D911F581C8E00CA79CE /* art.scnassets */; };
		44FD72E81F5ABB420003664E /* MotionAnalysisIcons in Resources */ = {isa = PBXBuildFile; fileRef = 44FD72E71F5ABB420003664E /* MotionAnalysisIcons */; };
/* End PBXBuildFile section */

/* Begin PBXContainerItemProxy section */
		4448DDC71F45AC2500A24D62 /* PBXContainerItemProxy */ = {
			isa = PBXContainerItemProxy;
			containerPortal = 4448DDA51F45AC2400A24D62 /* Project object */;
			proxyType = 1;
			remoteGlobalIDString = 4448DDAC1F45AC2500A24D62;
			remoteInfo = "First BLE App";
		};
		4448DDD21F45AC2500A24D62 /* PBXContainerItemProxy */ = {
			isa = PBXContainerItemProxy;
			containerPortal = 4448DDA51F45AC2400A24D62 /* Project object */;
			proxyType = 1;
			remoteGlobalIDString = 4448DDAC1F45AC2500A24D62;
			remoteInfo = "First BLE App";
		};
/* End PBXContainerItemProxy section */

/* Begin PBXFileReference section */
		4448DDAD1F45AC2500A24D62 /* First BLE App.app */ = {isa = PBXFileReference; explicitFileType = wrapper.application; includeInIndex = 0; path = "First BLE App.app"; sourceTree = BUILT_PRODUCTS_DIR; };
		4448DDB11F45AC2500A24D62 /* main.m */ = {isa = PBXFileReference; lastKnownFileType = sourcecode.c.objc; path = main.m; sourceTree = "<group>"; };
		4448DDB31F45AC2500A24D62 /* AppDelegate.h */ = {isa = PBXFileReference; lastKnownFileType = sourcecode.c.h; path = AppDelegate.h; sourceTree = "<group>"; };
		4448DDB41F45AC2500A24D62 /* AppDelegate.m */ = {isa = PBXFileReference; lastKnownFileType = sourcecode.c.objc; path = AppDelegate.m; sourceTree = "<group>"; };
		4448DDB61F45AC2500A24D62 /* ViewController.h */ = {isa = PBXFileReference; lastKnownFileType = sourcecode.c.h; path = ViewController.h; sourceTree = "<group>"; };
		4448DDB71F45AC2500A24D62 /* ViewController.m */ = {isa = PBXFileReference; lastKnownFileType = sourcecode.c.objc; path = ViewController.m; sourceTree = "<group>"; };
		4448DDBA1F45AC2500A24D62 /* Base */ = {isa = PBXFileReference; lastKnownFileType = file.storyboard; name = Base; path = Base.lproj/Main.storyboard; sourceTree = "<group>"; };
		4448DDBC1F45AC2500A24D62 /* Assets.xcassets */ = {isa = PBXFileReference; lastKnownFileType = folder.assetcatalog; path = Assets.xcassets; sourceTree = "<group>"; };
		4448DDBF1F45AC2500A24D62 /* Base */ = {isa = PBXFileReference; lastKnownFileType = file.storyboard; name = Base; path = Base.lproj/LaunchScreen.storyboard; sourceTree = "<group>"; };
		4448DDC11F45AC2500A24D62 /* Info.plist */ = {isa = PBXFileReference; lastKnownFileType = text.plist.xml; path = Info.plist; sourceTree = "<group>"; };
		4448DDC61F45AC2500A24D62 /* First BLE AppTests.xctest */ = {isa = PBXFileReference; explicitFileType = wrapper.cfbundle; includeInIndex = 0; path = "First BLE AppTests.xctest"; sourceTree = BUILT_PRODUCTS_DIR; };
		4448DDCA1F45AC2500A24D62 /* First_BLE_AppTests.m */ = {isa = PBXFileReference; lastKnownFileType = sourcecode.c.objc; path = First_BLE_AppTests.m; sourceTree = "<group>"; };
		4448DDCC1F45AC2500A24D62 /* Info.plist */ = {isa = PBXFileReference; lastKnownFileType = text.plist.xml; path = Info.plist; sourceTree = "<group>"; };
		4448DDD11F45AC2500A24D62 /* First BLE AppUITests.xctest */ = {isa = PBXFileReference; explicitFileType = wrapper.cfbundle; includeInIndex = 0; path = "First BLE AppUITests.xctest"; sourceTree = BUILT_PRODUCTS_DIR; };
		4448DDD51F45AC2500A24D62 /* First_BLE_AppUITests.m */ = {isa = PBXFileReference; lastKnownFileType = sourcecode.c.objc; path = First_BLE_AppUITests.m; sourceTree = "<group>"; };
		4448DDD71F45AC2500A24D62 /* Info.plist */ = {isa = PBXFileReference; lastKnownFileType = text.plist.xml; path = Info.plist; sourceTree = "<group>"; };
		4448DDE41F45AC3300A24D62 /* CoreBluetooth.framework */ = {isa = PBXFileReference; lastKnownFileType = wrapper.framework; name = CoreBluetooth.framework; path = System/Library/Frameworks/CoreBluetooth.framework; sourceTree = SDKROOT; };
		444F32131F6941CF00F3ADCB /* Bone.h */ = {isa = PBXFileReference; fileEncoding = 4; lastKnownFileType = sourcecode.c.h; path = Bone.h; sourceTree = "<group>"; };
		444F32141F6941CF00F3ADCB /* Bone.m */ = {isa = PBXFileReference; fileEncoding = 4; lastKnownFileType = sourcecode.c.objc; path = Bone.m; sourceTree = "<group>"; };
		4463F9C31F4F1A0F00B81963 /* DataModel.h */ = {isa = PBXFileReference; fileEncoding = 4; lastKnownFileType = sourcecode.c.h; name = DataModel.h; path = ../DataModel.h; sourceTree = "<group>"; };
		4463F9C41F4F1A0F00B81963 /* DataModel.m */ = {isa = PBXFileReference; fileEncoding = 4; lastKnownFileType = sourcecode.c.objc; name = DataModel.m; path = ../DataModel.m; sourceTree = "<group>"; };
		4463F9C61F4F21FC00B81963 /* Device.h */ = {isa = PBXFileReference; fileEncoding = 4; lastKnownFileType = sourcecode.c.h; path = Device.h; sourceTree = "<group>"; };
		4463F9C71F4F21FC00B81963 /* Device.m */ = {isa = PBXFileReference; fileEncoding = 4; lastKnownFileType = sourcecode.c.objc; path = Device.m; sourceTree = "<group>"; };
		4463F9CC1F4F4A6B00B81963 /* TableViewController.h */ = {isa = PBXFileReference; fileEncoding = 4; lastKnownFileType = sourcecode.c.h; name = TableViewController.h; path = ../TableViewController.h; sourceTree = "<group>"; };
		4463F9CD1F4F4A6B00B81963 /* TableViewController.m */ = {isa = PBXFileReference; fileEncoding = 4; lastKnownFileType = sourcecode.c.objc; name = TableViewController.m; path = ../TableViewController.m; sourceTree = "<group>"; };
		44B290201F55AAF700F995FC /* SceneKit.framework */ = {isa = PBXFileReference; lastKnownFileType = wrapper.framework; name = SceneKit.framework; path = System/Library/Frameworks/SceneKit.framework; sourceTree = SDKROOT; };
		44CE1D4D1F58129500CA79CE /* SceneKitViewController.h */ = {isa = PBXFileReference; fileEncoding = 4; lastKnownFileType = sourcecode.c.h; name = SceneKitViewController.h; path = ../SceneKitViewController.h; sourceTree = "<group>"; };
		44CE1D4E1F58129500CA79CE /* SceneKitViewController.m */ = {isa = PBXFileReference; fileEncoding = 4; lastKnownFileType = sourcecode.c.objc; name = SceneKitViewController.m; path = ../SceneKitViewController.m; sourceTree = "<group>"; };
		44CE1D911F581C8E00CA79CE /* art.scnassets */ = {isa = PBXFileReference; lastKnownFileType = wrapper.scnassets; path = art.scnassets; sourceTree = SOURCE_ROOT; };
		44E9E2A31F5609F6007948A2 /* Constants.h */ = {isa = PBXFileReference; lastKnownFileType = sourcecode.c.h; path = Constants.h; sourceTree = "<group>"; };
		44FD72E71F5ABB420003664E /* MotionAnalysisIcons */ = {isa = PBXFileReference; lastKnownFileType = folder; name = MotionAnalysisIcons; path = ../../../MotionAnalysisIcons; sourceTree = "<group>"; };
/* End PBXFileReference section */

/* Begin PBXFrameworksBuildPhase section */
		4448DDAA1F45AC2500A24D62 /* Frameworks */ = {
			isa = PBXFrameworksBuildPhase;
			buildActionMask = 2147483647;
			files = (
				44B290211F55AAF700F995FC /* SceneKit.framework in Frameworks */,
				4448DDE51F45AC3300A24D62 /* CoreBluetooth.framework in Frameworks */,
			);
			runOnlyForDeploymentPostprocessing = 0;
		};
		4448DDC31F45AC2500A24D62 /* Frameworks */ = {
			isa = PBXFrameworksBuildPhase;
			buildActionMask = 2147483647;
			files = (
			);
			runOnlyForDeploymentPostprocessing = 0;
		};
		4448DDCE1F45AC2500A24D62 /* Frameworks */ = {
			isa = PBXFrameworksBuildPhase;
			buildActionMask = 2147483647;
			files = (
			);
			runOnlyForDeploymentPostprocessing = 0;
		};
/* End PBXFrameworksBuildPhase section */

/* Begin PBXGroup section */
		4448DDA41F45AC2400A24D62 = {
			isa = PBXGroup;
			children = (
				4448DDAF1F45AC2500A24D62 /* First BLE App */,
				4448DDC91F45AC2500A24D62 /* First BLE AppTests */,
				4448DDD41F45AC2500A24D62 /* First BLE AppUITests */,
				4448DDAE1F45AC2500A24D62 /* Products */,
				4448DDE31F45AC3300A24D62 /* Frameworks */,
			);
			sourceTree = "<group>";
		};
		4448DDAE1F45AC2500A24D62 /* Products */ = {
			isa = PBXGroup;
			children = (
				4448DDAD1F45AC2500A24D62 /* First BLE App.app */,
				4448DDC61F45AC2500A24D62 /* First BLE AppTests.xctest */,
				4448DDD11F45AC2500A24D62 /* First BLE AppUITests.xctest */,
			);
			name = Products;
			sourceTree = "<group>";
		};
		4448DDAF1F45AC2500A24D62 /* First BLE App */ = {
			isa = PBXGroup;
			children = (
				4448DDB31F45AC2500A24D62 /* AppDelegate.h */,
				4448DDB41F45AC2500A24D62 /* AppDelegate.m */,
				44E9E2A31F5609F6007948A2 /* Constants.h */,
				4448DDB61F45AC2500A24D62 /* ViewController.h */,
				4448DDB71F45AC2500A24D62 /* ViewController.m */,
				4463F9CC1F4F4A6B00B81963 /* TableViewController.h */,
				4463F9CD1F4F4A6B00B81963 /* TableViewController.m */,
				44CE1D4D1F58129500CA79CE /* SceneKitViewController.h */,
				44CE1D4E1F58129500CA79CE /* SceneKitViewController.m */,
				4448DDB91F45AC2500A24D62 /* Main.storyboard */,
				4463F9C31F4F1A0F00B81963 /* DataModel.h */,
				4463F9C41F4F1A0F00B81963 /* DataModel.m */,
				444F32131F6941CF00F3ADCB /* Bone.h */,
				444F32141F6941CF00F3ADCB /* Bone.m */,
				4463F9C61F4F21FC00B81963 /* Device.h */,
				4463F9C71F4F21FC00B81963 /* Device.m */,
				4448DDBC1F45AC2500A24D62 /* Assets.xcassets */,
				44CE1D911F581C8E00CA79CE /* art.scnassets */,
				4448DDBE1F45AC2500A24D62 /* LaunchScreen.storyboard */,
				4448DDC11F45AC2500A24D62 /* Info.plist */,
				4448DDB01F45AC2500A24D62 /* Supporting Files */,
			);
			path = "First BLE App";
			sourceTree = "<group>";
		};
		4448DDB01F45AC2500A24D62 /* Supporting Files */ = {
			isa = PBXGroup;
			children = (
				44FD72E71F5ABB420003664E /* MotionAnalysisIcons */,
				4448DDB11F45AC2500A24D62 /* main.m */,
			);
			name = "Supporting Files";
			sourceTree = "<group>";
		};
		4448DDC91F45AC2500A24D62 /* First BLE AppTests */ = {
			isa = PBXGroup;
			children = (
				4448DDCA1F45AC2500A24D62 /* First_BLE_AppTests.m */,
				4448DDCC1F45AC2500A24D62 /* Info.plist */,
			);
			path = "First BLE AppTests";
			sourceTree = "<group>";
		};
		4448DDD41F45AC2500A24D62 /* First BLE AppUITests */ = {
			isa = PBXGroup;
			children = (
				4448DDD51F45AC2500A24D62 /* First_BLE_AppUITests.m */,
				4448DDD71F45AC2500A24D62 /* Info.plist */,
			);
			path = "First BLE AppUITests";
			sourceTree = "<group>";
		};
		4448DDE31F45AC3300A24D62 /* Frameworks */ = {
			isa = PBXGroup;
			children = (
				44B290201F55AAF700F995FC /* SceneKit.framework */,
				4448DDE41F45AC3300A24D62 /* CoreBluetooth.framework */,
			);
			name = Frameworks;
			sourceTree = "<group>";
		};
/* End PBXGroup section */

/* Begin PBXNativeTarget section */
		4448DDAC1F45AC2500A24D62 /* First BLE App */ = {
			isa = PBXNativeTarget;
			buildConfigurationList = 4448DDDA1F45AC2500A24D62 /* Build configuration list for PBXNativeTarget "First BLE App" */;
			buildPhases = (
				4448DDA91F45AC2500A24D62 /* Sources */,
				4448DDAA1F45AC2500A24D62 /* Frameworks */,
				4448DDAB1F45AC2500A24D62 /* Resources */,
			);
			buildRules = (
			);
			dependencies = (
			);
			name = "First BLE App";
			productName = "First BLE App";
			productReference = 4448DDAD1F45AC2500A24D62 /* First BLE App.app */;
			productType = "com.apple.product-type.application";
		};
		4448DDC51F45AC2500A24D62 /* First BLE AppTests */ = {
			isa = PBXNativeTarget;
			buildConfigurationList = 4448DDDD1F45AC2500A24D62 /* Build configuration list for PBXNativeTarget "First BLE AppTests" */;
			buildPhases = (
				4448DDC21F45AC2500A24D62 /* Sources */,
				4448DDC31F45AC2500A24D62 /* Frameworks */,
				4448DDC41F45AC2500A24D62 /* Resources */,
			);
			buildRules = (
			);
			dependencies = (
				4448DDC81F45AC2500A24D62 /* PBXTargetDependency */,
			);
			name = "First BLE AppTests";
			productName = "First BLE AppTests";
			productReference = 4448DDC61F45AC2500A24D62 /* First BLE AppTests.xctest */;
			productType = "com.apple.product-type.bundle.unit-test";
		};
		4448DDD01F45AC2500A24D62 /* First BLE AppUITests */ = {
			isa = PBXNativeTarget;
			buildConfigurationList = 4448DDE01F45AC2500A24D62 /* Build configuration list for PBXNativeTarget "First BLE AppUITests" */;
			buildPhases = (
				4448DDCD1F45AC2500A24D62 /* Sources */,
				4448DDCE1F45AC2500A24D62 /* Frameworks */,
				4448DDCF1F45AC2500A24D62 /* Resources */,
			);
			buildRules = (
			);
			dependencies = (
				4448DDD31F45AC2500A24D62 /* PBXTargetDependency */,
			);
			name = "First BLE AppUITests";
			productName = "First BLE AppUITests";
			productReference = 4448DDD11F45AC2500A24D62 /* First BLE AppUITests.xctest */;
			productType = "com.apple.product-type.bundle.ui-testing";
		};
/* End PBXNativeTarget section */

/* Begin PBXProject section */
		4448DDA51F45AC2400A24D62 /* Project object */ = {
			isa = PBXProject;
			attributes = {
				LastUpgradeCheck = 0830;
				ORGANIZATIONNAME = "University of Leeds";
				TargetAttributes = {
					4448DDAC1F45AC2500A24D62 = {
						CreatedOnToolsVersion = 8.3.3;
						DevelopmentTeam = 5N7JE3F84Y;
						LastSwiftMigration = 0830;
						ProvisioningStyle = Automatic;
					};
					4448DDC51F45AC2500A24D62 = {
						CreatedOnToolsVersion = 8.3.3;
						DevelopmentTeam = 5N7JE3F84Y;
						ProvisioningStyle = Automatic;
						TestTargetID = 4448DDAC1F45AC2500A24D62;
					};
					4448DDD01F45AC2500A24D62 = {
						CreatedOnToolsVersion = 8.3.3;
						DevelopmentTeam = 5N7JE3F84Y;
						ProvisioningStyle = Automatic;
						TestTargetID = 4448DDAC1F45AC2500A24D62;
					};
				};
			};
			buildConfigurationList = 4448DDA81F45AC2500A24D62 /* Build configuration list for PBXProject "First BLE App" */;
			compatibilityVersion = "Xcode 3.2";
			developmentRegion = English;
			hasScannedForEncodings = 0;
			knownRegions = (
				en,
				Base,
			);
			mainGroup = 4448DDA41F45AC2400A24D62;
			productRefGroup = 4448DDAE1F45AC2500A24D62 /* Products */;
			projectDirPath = "";
			projectRoot = "";
			targets = (
				4448DDAC1F45AC2500A24D62 /* First BLE App */,
				4448DDC51F45AC2500A24D62 /* First BLE AppTests */,
				4448DDD01F45AC2500A24D62 /* First BLE AppUITests */,
			);
		};
/* End PBXProject section */

/* Begin PBXResourcesBuildPhase section */
		4448DDAB1F45AC2500A24D62 /* Resources */ = {
			isa = PBXResourcesBuildPhase;
			buildActionMask = 2147483647;
			files = (
				4448DDC01F45AC2500A24D62 /* LaunchScreen.storyboard in Resources */,
				44CE1D921F581C8E00CA79CE /* art.scnassets in Resources */,
				44FD72E81F5ABB420003664E /* MotionAnalysisIcons in Resources */,
				4448DDBD1F45AC2500A24D62 /* Assets.xcassets in Resources */,
				4448DDBB1F45AC2500A24D62 /* Main.storyboard in Resources */,
			);
			runOnlyForDeploymentPostprocessing = 0;
		};
		4448DDC41F45AC2500A24D62 /* Resources */ = {
			isa = PBXResourcesBuildPhase;
			buildActionMask = 2147483647;
			files = (
			);
			runOnlyForDeploymentPostprocessing = 0;
		};
		4448DDCF1F45AC2500A24D62 /* Resources */ = {
			isa = PBXResourcesBuildPhase;
			buildActionMask = 2147483647;
			files = (
			);
			runOnlyForDeploymentPostprocessing = 0;
		};
/* End PBXResourcesBuildPhase section */

/* Begin PBXSourcesBuildPhase section */
		4448DDA91F45AC2500A24D62 /* Sources */ = {
			isa = PBXSourcesBuildPhase;
			buildActionMask = 2147483647;
			files = (
				4448DDB81F45AC2500A24D62 /* ViewController.m in Sources */,
				4463F9CE1F4F4A6B00B81963 /* TableViewController.m in Sources */,
				4463F9C51F4F1A0F00B81963 /* DataModel.m in Sources */,
				4448DDB51F45AC2500A24D62 /* AppDelegate.m in Sources */,
				4463F9C81F4F21FC00B81963 /* Device.m in Sources */,
				444F32151F6941CF00F3ADCB /* Bone.m in Sources */,
				44CE1D4F1F58129500CA79CE /* SceneKitViewController.m in Sources */,
				4448DDB21F45AC2500A24D62 /* main.m in Sources */,
			);
			runOnlyForDeploymentPostprocessing = 0;
		};
		4448DDC21F45AC2500A24D62 /* Sources */ = {
			isa = PBXSourcesBuildPhase;
			buildActionMask = 2147483647;
			files = (
				4448DDCB1F45AC2500A24D62 /* First_BLE_AppTests.m in Sources */,
			);
			runOnlyForDeploymentPostprocessing = 0;
		};
		4448DDCD1F45AC2500A24D62 /* Sources */ = {
			isa = PBXSourcesBuildPhase;
			buildActionMask = 2147483647;
			files = (
				4448DDD61F45AC2500A24D62 /* First_BLE_AppUITests.m in Sources */,
			);
			runOnlyForDeploymentPostprocessing = 0;
		};
/* End PBXSourcesBuildPhase section */

/* Begin PBXTargetDependency section */
		4448DDC81F45AC2500A24D62 /* PBXTargetDependency */ = {
			isa = PBXTargetDependency;
			target = 4448DDAC1F45AC2500A24D62 /* First BLE App */;
			targetProxy = 4448DDC71F45AC2500A24D62 /* PBXContainerItemProxy */;
		};
		4448DDD31F45AC2500A24D62 /* PBXTargetDependency */ = {
			isa = PBXTargetDependency;
			target = 4448DDAC1F45AC2500A24D62 /* First BLE App */;
			targetProxy = 4448DDD21F45AC2500A24D62 /* PBXContainerItemProxy */;
		};
/* End PBXTargetDependency section */

/* Begin PBXVariantGroup section */
		4448DDB91F45AC2500A24D62 /* Main.storyboard */ = {
			isa = PBXVariantGroup;
			children = (
				4448DDBA1F45AC2500A24D62 /* Base */,
			);
			name = Main.storyboard;
			sourceTree = "<group>";
		};
		4448DDBE1F45AC2500A24D62 /* LaunchScreen.storyboard */ = {
			isa = PBXVariantGroup;
			children = (
				4448DDBF1F45AC2500A24D62 /* Base */,
			);
			name = LaunchScreen.storyboard;
			sourceTree = "<group>";
		};
/* End PBXVariantGroup section */

/* Begin XCBuildConfiguration section */
		4448DDD81F45AC2500A24D62 /* Debug */ = {
			isa = XCBuildConfiguration;
			buildSettings = {
				ALWAYS_SEARCH_USER_PATHS = NO;
				CLANG_ANALYZER_NONNULL = YES;
				CLANG_ANALYZER_NUMBER_OBJECT_CONVERSION = YES_AGGRESSIVE;
				CLANG_CXX_LANGUAGE_STANDARD = "gnu++0x";
				CLANG_CXX_LIBRARY = "libc++";
				CLANG_ENABLE_MODULES = YES;
				CLANG_ENABLE_OBJC_ARC = YES;
				CLANG_WARN_BOOL_CONVERSION = YES;
				CLANG_WARN_CONSTANT_CONVERSION = YES;
				CLANG_WARN_DIRECT_OBJC_ISA_USAGE = YES_ERROR;
				CLANG_WARN_DOCUMENTATION_COMMENTS = YES;
				CLANG_WARN_EMPTY_BODY = YES;
				CLANG_WARN_ENUM_CONVERSION = YES;
				CLANG_WARN_INFINITE_RECURSION = YES;
				CLANG_WARN_INT_CONVERSION = YES;
				CLANG_WARN_OBJC_ROOT_CLASS = YES_ERROR;
				CLANG_WARN_SUSPICIOUS_MOVE = YES;
				CLANG_WARN_UNREACHABLE_CODE = YES;
				CLANG_WARN__DUPLICATE_METHOD_MATCH = YES;
				"CODE_SIGN_IDENTITY[sdk=iphoneos*]" = "iPhone Developer";
				COPY_PHASE_STRIP = NO;
				DEBUG_INFORMATION_FORMAT = dwarf;
				ENABLE_STRICT_OBJC_MSGSEND = YES;
				ENABLE_TESTABILITY = YES;
				GCC_C_LANGUAGE_STANDARD = gnu99;
				GCC_DYNAMIC_NO_PIC = NO;
				GCC_NO_COMMON_BLOCKS = YES;
				GCC_OPTIMIZATION_LEVEL = 0;
				GCC_PREPROCESSOR_DEFINITIONS = (
					"DEBUG=1",
					"$(inherited)",
				);
				GCC_WARN_64_TO_32_BIT_CONVERSION = YES;
				GCC_WARN_ABOUT_RETURN_TYPE = YES_ERROR;
				GCC_WARN_UNDECLARED_SELECTOR = YES;
				GCC_WARN_UNINITIALIZED_AUTOS = YES_AGGRESSIVE;
				GCC_WARN_UNUSED_FUNCTION = YES;
				GCC_WARN_UNUSED_VARIABLE = YES;
				IPHONEOS_DEPLOYMENT_TARGET = 10.3;
				MTL_ENABLE_DEBUG_INFO = YES;
				ONLY_ACTIVE_ARCH = YES;
				SDKROOT = iphoneos;
				TARGETED_DEVICE_FAMILY = "1,2";
			};
			name = Debug;
		};
		4448DDD91F45AC2500A24D62 /* Release */ = {
			isa = XCBuildConfiguration;
			buildSettings = {
				ALWAYS_SEARCH_USER_PATHS = NO;
				CLANG_ANALYZER_NONNULL = YES;
				CLANG_ANALYZER_NUMBER_OBJECT_CONVERSION = YES_AGGRESSIVE;
				CLANG_CXX_LANGUAGE_STANDARD = "gnu++0x";
				CLANG_CXX_LIBRARY = "libc++";
				CLANG_ENABLE_MODULES = YES;
				CLANG_ENABLE_OBJC_ARC = YES;
				CLANG_WARN_BOOL_CONVERSION = YES;
				CLANG_WARN_CONSTANT_CONVERSION = YES;
				CLANG_WARN_DIRECT_OBJC_ISA_USAGE = YES_ERROR;
				CLANG_WARN_DOCUMENTATION_COMMENTS = YES;
				CLANG_WARN_EMPTY_BODY = YES;
				CLANG_WARN_ENUM_CONVERSION = YES;
				CLANG_WARN_INFINITE_RECURSION = YES;
				CLANG_WARN_INT_CONVERSION = YES;
				CLANG_WARN_OBJC_ROOT_CLASS = YES_ERROR;
				CLANG_WARN_SUSPICIOUS_MOVE = YES;
				CLANG_WARN_UNREACHABLE_CODE = YES;
				CLANG_WARN__DUPLICATE_METHOD_MATCH = YES;
				"CODE_SIGN_IDENTITY[sdk=iphoneos*]" = "iPhone Developer";
				COPY_PHASE_STRIP = NO;
				DEBUG_INFORMATION_FORMAT = "dwarf-with-dsym";
				ENABLE_NS_ASSERTIONS = NO;
				ENABLE_STRICT_OBJC_MSGSEND = YES;
				GCC_C_LANGUAGE_STANDARD = gnu99;
				GCC_NO_COMMON_BLOCKS = YES;
				GCC_WARN_64_TO_32_BIT_CONVERSION = YES;
				GCC_WARN_ABOUT_RETURN_TYPE = YES_ERROR;
				GCC_WARN_UNDECLARED_SELECTOR = YES;
				GCC_WARN_UNINITIALIZED_AUTOS = YES_AGGRESSIVE;
				GCC_WARN_UNUSED_FUNCTION = YES;
				GCC_WARN_UNUSED_VARIABLE = YES;
				IPHONEOS_DEPLOYMENT_TARGET = 10.3;
				MTL_ENABLE_DEBUG_INFO = NO;
				SDKROOT = iphoneos;
				TARGETED_DEVICE_FAMILY = "1,2";
				VALIDATE_PRODUCT = YES;
			};
			name = Release;
		};
		4448DDDB1F45AC2500A24D62 /* Debug */ = {
			isa = XCBuildConfiguration;
			buildSettings = {
				ALWAYS_EMBED_SWIFT_STANDARD_LIBRARIES = YES;
				ASSETCATALOG_COMPILER_APPICON_NAME = AppIcon;
				CLANG_ENABLE_MODULES = YES;
				DEFINES_MODULE = YES;
				DEVELOPMENT_TEAM = 5N7JE3F84Y;
				INFOPLIST_FILE = "First BLE App/Info.plist";
				IPHONEOS_DEPLOYMENT_TARGET = 9.3;
				LD_RUNPATH_SEARCH_PATHS = "$(inherited) @executable_path/Frameworks";
				PRODUCT_BUNDLE_IDENTIFIER = "uk.ac.leeds.First-BLE-App";
				PRODUCT_NAME = "$(TARGET_NAME)";
				SWIFT_OBJC_BRIDGING_HEADER = "First BLE App/First BLE App-Bridging-Header.h";
				SWIFT_OPTIMIZATION_LEVEL = "-Onone";
				SWIFT_VERSION = 3.0;
			};
			name = Debug;
		};
		4448DDDC1F45AC2500A24D62 /* Release */ = {
			isa = XCBuildConfiguration;
			buildSettings = {
				ALWAYS_EMBED_SWIFT_STANDARD_LIBRARIES = YES;
				ASSETCATALOG_COMPILER_APPICON_NAME = AppIcon;
				CLANG_ENABLE_MODULES = YES;
				DEFINES_MODULE = YES;
				DEVELOPMENT_TEAM = 5N7JE3F84Y;
				INFOPLIST_FILE = "First BLE App/Info.plist";
				IPHONEOS_DEPLOYMENT_TARGET = 9.3;
				LD_RUNPATH_SEARCH_PATHS = "$(inherited) @executable_path/Frameworks";
				PRODUCT_BUNDLE_IDENTIFIER = "uk.ac.leeds.First-BLE-App";
				PRODUCT_NAME = "$(TARGET_NAME)";
				SWIFT_OBJC_BRIDGING_HEADER = "First BLE App/First BLE App-Bridging-Header.h";
				SWIFT_VERSION = 3.0;
			};
			name = Release;
		};
		4448DDDE1F45AC2500A24D62 /* Debug */ = {
			isa = XCBuildConfiguration;
			buildSettings = {
				BUNDLE_LOADER = "$(TEST_HOST)";
				DEVELOPMENT_TEAM = 5N7JE3F84Y;
				INFOPLIST_FILE = "First BLE AppTests/Info.plist";
				LD_RUNPATH_SEARCH_PATHS = "$(inherited) @executable_path/Frameworks @loader_path/Frameworks";
				PRODUCT_BUNDLE_IDENTIFIER = "uk.ac.leeds.First-BLE-AppTests";
				PRODUCT_NAME = "$(TARGET_NAME)";
				TEST_HOST = "$(BUILT_PRODUCTS_DIR)/First BLE App.app/First BLE App";
			};
			name = Debug;
		};
		4448DDDF1F45AC2500A24D62 /* Release */ = {
			isa = XCBuildConfiguration;
			buildSettings = {
				BUNDLE_LOADER = "$(TEST_HOST)";
				DEVELOPMENT_TEAM = 5N7JE3F84Y;
				INFOPLIST_FILE = "First BLE AppTests/Info.plist";
				LD_RUNPATH_SEARCH_PATHS = "$(inherited) @executable_path/Frameworks @loader_path/Frameworks";
				PRODUCT_BUNDLE_IDENTIFIER = "uk.ac.leeds.First-BLE-AppTests";
				PRODUCT_NAME = "$(TARGET_NAME)";
				TEST_HOST = "$(BUILT_PRODUCTS_DIR)/First BLE App.app/First BLE App";
			};
			name = Release;
		};
		4448DDE11F45AC2500A24D62 /* Debug */ = {
			isa = XCBuildConfiguration;
			buildSettings = {
				DEVELOPMENT_TEAM = 5N7JE3F84Y;
				INFOPLIST_FILE = "First BLE AppUITests/Info.plist";
				LD_RUNPATH_SEARCH_PATHS = "$(inherited) @executable_path/Frameworks @loader_path/Frameworks";
				PRODUCT_BUNDLE_IDENTIFIER = "uk.ac.leeds.First-BLE-AppUITests";
				PRODUCT_NAME = "$(TARGET_NAME)";
				TEST_TARGET_NAME = "First BLE App";
			};
			name = Debug;
		};
		4448DDE21F45AC2500A24D62 /* Release */ = {
			isa = XCBuildConfiguration;
			buildSettings = {
				DEVELOPMENT_TEAM = 5N7JE3F84Y;
				INFOPLIST_FILE = "First BLE AppUITests/Info.plist";
				LD_RUNPATH_SEARCH_PATHS = "$(inherited) @executable_path/Frameworks @loader_path/Frameworks";
				PRODUCT_BUNDLE_IDENTIFIER = "uk.ac.leeds.First-BLE-AppUITests";
				PRODUCT_NAME = "$(TARGET_NAME)";
				TEST_TARGET_NAME = "First BLE App";
			};
			name = Release;
		};
/* End XCBuildConfiguration section */

/* Begin XCConfigurationList section */
		4448DDA81F45AC2500A24D62 /* Build configuration list for PBXProject "First BLE App" */ = {
			isa = XCConfigurationList;
			buildConfigurations = (
				4448DDD81F45AC2500A24D62 /* Debug */,
				4448DDD91F45AC2500A24D62 /* Release */,
			);
			defaultConfigurationIsVisible = 0;
			defaultConfigurationName = Release;
		};
		4448DDDA1F45AC2500A24D62 /* Build configuration list for PBXNativeTarget "First BLE App" */ = {
			isa = XCConfigurationList;
			buildConfigurations = (
				4448DDDB1F45AC2500A24D62 /* Debug */,
				4448DDDC1F45AC2500A24D62 /* Release */,
			);
			defaultConfigurationIsVisible = 0;
			defaultConfigurationName = Release;
		};
		4448DDDD1F45AC2500A24D62 /* Build configuration list for PBXNativeTarget "First BLE AppTests" */ = {
			isa = XCConfigurationList;
			buildConfigurations = (
				4448DDDE1F45AC2500A24D62 /* Debug */,
				4448DDDF1F45AC2500A24D62 /* Release */,
			);
			defaultConfigurationIsVisible = 0;
			defaultConfigurationName = Release;
		};
		4448DDE01F45AC2500A24D62 /* Build configuration list for PBXNativeTarget "First BLE AppUITests" */ = {
			isa = XCConfigurationList;
			buildConfigurations = (
				4448DDE11F45AC2500A24D62 /* Debug */,
				4448DDE21F45AC2500A24D62 /* Release */,
			);
			defaultConfigurationIsVisible = 0;
			defaultConfigurationName = Release;
		};
/* End XCConfigurationList section */
	};
	rootObject = 4448DDA51F45AC2400A24D62 /* Project object */;
}
